
Microsoft Visual Studio Solution File, Format Version 12.00
# Visual Studio 15
VisualStudioVersion = 15.0.27130.2036
MinimumVisualStudioVersion = 10.0.40219.1
Project("{FAE04EC0-301F-11D3-BF4B-00C04F79EFBC}") = "MyWebsite", "MyWebsite\MyWebsite.csproj", "{7558B416-AC95-4BBB-BADF-B4D8BB695E34}"
EndProject
Project("{9092AA53-FB77-4645-B42D-1CCCA6BD08BD}") = "NodejsWebApp", "NodejsWebApp\NodejsWebApp.njsproj", "{CF8DDDAD-43AF-4696-98AF-343B2DFB999A}"
EndProject
Global
	GlobalSection(SolutionConfigurationPlatforms) = preSolution
		Debug|Any CPU = Debug|Any CPU
		Release|Any CPU = Release|Any CPU
	EndGlobalSection
	GlobalSection(ProjectConfigurationPlatforms) = postSolution
		{7558B416-AC95-4BBB-BADF-B4D8BB695E34}.Debug|Any CPU.ActiveCfg = Debug|Any CPU
		{7558B416-AC95-4BBB-BADF-B4D8BB695E34}.Debug|Any CPU.Build.0 = Debug|Any CPU
		{7558B416-AC95-4BBB-BADF-B4D8BB695E34}.Release|Any CPU.ActiveCfg = Release|Any CPU
		{7558B416-AC95-4BBB-BADF-B4D8BB695E34}.Release|Any CPU.Build.0 = Release|Any CPU
		{CF8DDDAD-43AF-4696-98AF-343B2DFB999A}.Debug|Any CPU.ActiveCfg = Debug|Any CPU
		{CF8DDDAD-43AF-4696-98AF-343B2DFB999A}.Debug|Any CPU.Build.0 = Debug|Any CPU
		{CF8DDDAD-43AF-4696-98AF-343B2DFB999A}.Release|Any CPU.ActiveCfg = Release|Any CPU
		{CF8DDDAD-43AF-4696-98AF-343B2DFB999A}.Release|Any CPU.Build.0 = Release|Any CPU
	EndGlobalSection
	GlobalSection(SolutionProperties) = preSolution
		HideSolutionNode = FALSE
	EndGlobalSection
	GlobalSection(ExtensibilityGlobals) = postSolution
		SolutionGuid = {4A789C56-0160-48DE-AD21-C86F2D640576}
	EndGlobalSection
EndGlobal
